PODS:
  - JNMentionTextView (1.0.2)

DEPENDENCIES:
  - JNMentionTextView (from `../`)

EXTERNAL SOURCES:
  JNMentionTextView:
    :path: "../"

SPEC CHECKSUMS:
  JNMentionTextView: b19ad805587b9f06875928a196dfe247c18330d5

PODFILE CHECKSUM: 019323fae58917f634492a5232a05c1b58bc2471

COCOAPODS: 1.12.1
